
Microsoft Visual Studio Solution File, Format Version 12.00
# Visual Studio Version 17
VisualStudioVersion = 17.14.36518.9
MinimumVisualStudioVersion = 10.0.40219.1
Project("{2150E333-8FDC-42A3-9474-1A3956D46DE8}") = "Task0", "Task0", "{36D591C7-65C7-A0D1-1CBC-10CDE441BDC8}"
EndProject
Project("{FAE04EC0-301F-11D3-BF4B-00C04F79EFBC}") = "Tyuiu.AjtkuzhinovEE.Sprint2.Task0.V9", "Tyuiu.AjtkuzhinovEE.Sprint2.Task0.V9\Tyuiu.AjtkuzhinovEE.Sprint2.Task0.V9.csproj", "{94A9DB7B-9BF7-4A67-B5FD-9324D77B74DF}"
EndProject
Project("{FAE04EC0-301F-11D3-BF4B-00C04F79EFBC}") = "Tyuiu.AjtkuzhinovEE.Sprint2.Task0.V9.Lib", "Tyuiu.AjtkuzhinovEE.Sprint2.Task0.V9.Lib\Tyuiu.AjtkuzhinovEE.Sprint2.Task0.V9.Lib.csproj", "{870D6D6E-52C1-4107-93BC-71765C238135}"
EndProject
Project("{FAE04EC0-301F-11D3-BF4B-00C04F79EFBC}") = "Tyuiu.AjtkuzhinovEE.Sprint2.Task0.V9.Test", "Tyuiu.AjtkuzhinovEE.Sprint2.Task0.V9.Test\Tyuiu.AjtkuzhinovEE.Sprint2.Task0.V9.Test.csproj", "{A9FD3892-84A2-4B08-B376-6B12C60A67ED}"
EndProject
Project("{2150E333-8FDC-42A3-9474-1A3956D46DE8}") = "Task1", "Task1", "{42451090-2328-4154-AA96-DD44D41ED3C2}"
EndProject
Project("{FAE04EC0-301F-11D3-BF4B-00C04F79EFBC}") = "Tyuiu.AjtkuzhinovEE.Sprint2.Task1.V17", "Tyuiu.AjtkuzhinovEE.Sprint2.Task1.V17\Tyuiu.AjtkuzhinovEE.Sprint2.Task1.V17.csproj", "{4E822899-28E0-45CA-B128-2D8FC2B104A0}"
EndProject
Project("{FAE04EC0-301F-11D3-BF4B-00C04F79EFBC}") = "Tyuiu.AjtkuzhinovEE.Sprint2.Task1.V17.Lib", "Tyuiu.AjtkuzhinovEE.Sprint2.Task1.V17.Lib\Tyuiu.AjtkuzhinovEE.Sprint2.Task1.V17.Lib.csproj", "{590C5BE2-7EA5-48C9-8521-CB2602571401}"
EndProject
Project("{FAE04EC0-301F-11D3-BF4B-00C04F79EFBC}") = "Tyuiu.AjtkuzhinovEE.Sprint2.Task1.V17.Test", "Tyuiu.AjtkuzhinovEE.Sprint2.Task1.V17.Test\Tyuiu.AjtkuzhinovEE.Sprint2.Task1.V17.Test.csproj", "{23160B48-7263-4CC2-A682-1CB185259447}"
EndProject
Project("{2150E333-8FDC-42A3-9474-1A3956D46DE8}") = "Task2", "Task2", "{59BB50D5-3BCD-48D9-A2BD-409D1DC2DB1A}"
EndProject
Project("{FAE04EC0-301F-11D3-BF4B-00C04F79EFBC}") = "Tyuiu.AjtkuzhinovEE.Sprint2.Task2.V9", "Tyuiu.AjtkuzhinovEE.Sprint2.Task2.V9\Tyuiu.AjtkuzhinovEE.Sprint2.Task2.V9.csproj", "{EB77F5D1-FA67-42A3-8040-EEBBC50ADEB0}"
EndProject
Project("{FAE04EC0-301F-11D3-BF4B-00C04F79EFBC}") = "Tyuiu.AjtkuzhinovEE.Sprint2.Task2.V9.Lib", "Tyuiu.AjtkuzhinovEE.Sprint2.Task2.V9.Lib\Tyuiu.AjtkuzhinovEE.Sprint2.Task2.V9.Lib.csproj", "{A03D84BE-8141-461A-803C-C0080E2D1B7B}"
EndProject
Project("{FAE04EC0-301F-11D3-BF4B-00C04F79EFBC}") = "Tyuiu.AjtkuzhinovEE.Sprint2.Task2.V9.Test", "Tyuiu.AjtkuzhinovEE.Sprint2.Task2.V9.Test\Tyuiu.AjtkuzhinovEE.Sprint2.Task2.V9.Test.csproj", "{AB8D5CD9-F081-4BF0-A55F-52FEF5FF0AD4}"
EndProject
Project("{2150E333-8FDC-42A3-9474-1A3956D46DE8}") = "Task3", "Task3", "{B53A8DC9-A104-4A0C-8CF2-CC22C172A56B}"
EndProject
Project("{FAE04EC0-301F-11D3-BF4B-00C04F79EFBC}") = "Tyuiu.AjtkuzhinovEE.Sprint2.Task3.V6", "Tyuiu.AjtkuzhinovEE.Sprint2.Task3.V6\Tyuiu.AjtkuzhinovEE.Sprint2.Task3.V6.csproj", "{76C907E6-290D-443B-B35F-4C7E86240133}"
EndProject
Project("{FAE04EC0-301F-11D3-BF4B-00C04F79EFBC}") = "Tyuiu.AjtkuzhinovEE.Sprint2.Task3.V6.Lib", "Tyuiu.AjtkuzhinovEE.Sprint2.Task3.V6.Lib\Tyuiu.AjtkuzhinovEE.Sprint2.Task3.V6.Lib.csproj", "{001C951B-2076-4539-B087-E4C6E4B293E1}"
EndProject
Project("{FAE04EC0-301F-11D3-BF4B-00C04F79EFBC}") = "Tyuiu.AjtkuzhinovEE.Sprint2.Task3.V6.Test", "Tyuiu.AjtkuzhinovEE.Sprint2.Task3.V6.Test\Tyuiu.AjtkuzhinovEE.Sprint2.Task3.V6.Test.csproj", "{84790E49-5A5F-42EE-AD51-CE2F144DCD9C}"
EndProject
Project("{2150E333-8FDC-42A3-9474-1A3956D46DE8}") = "Task4", "Task4", "{B5955E37-E933-45A9-84C3-9B3461D63AB4}"
EndProject
Project("{FAE04EC0-301F-11D3-BF4B-00C04F79EFBC}") = "Tyuiu.AjtkuzhinovEE.Sprint2.Task4.V10", "Tyuiu.AjtkuzhinovEE.Sprint2.Task4.V10\Tyuiu.AjtkuzhinovEE.Sprint2.Task4.V10.csproj", "{EF18E1E1-7BC5-455C-969E-90853BF38B51}"
EndProject
Project("{FAE04EC0-301F-11D3-BF4B-00C04F79EFBC}") = "Tyuiu.AjtkuzhinovEE.Sprint2.Task4.V10.Lib", "Tyuiu.AjtkuzhinovEE.Sprint2.Task4.V10.Lib\Tyuiu.AjtkuzhinovEE.Sprint2.Task4.V10.Lib.csproj", "{616FC169-08A5-4778-BC6A-968C64E4AD18}"
EndProject
Project("{FAE04EC0-301F-11D3-BF4B-00C04F79EFBC}") = "Tyuiu.AjtkuzhinovEE.Sprint2.Task4.V10.Test", "Tyuiu.AjtkuzhinovEE.Sprint2.Task4.V10.Test\Tyuiu.AjtkuzhinovEE.Sprint2.Task4.V10.Test.csproj", "{5D80D4EC-CCDF-49DF-83EE-F498E5E470AB}"
EndProject
Project("{2150E333-8FDC-42A3-9474-1A3956D46DE8}") = "Task5", "Task5", "{5A912232-0C3A-4F9C-AADE-0303FAE829B3}"
EndProject
Project("{FAE04EC0-301F-11D3-BF4B-00C04F79EFBC}") = "Tyuiu.AjtkuzhinovEE.Sprint2.Task5.V5", "Tyuiu.AjtkuzhinovEE.Sprint2.Task5.V5\Tyuiu.AjtkuzhinovEE.Sprint2.Task5.V5.csproj", "{FBA6EE09-F297-4BEA-9595-E0B540C6F039}"
EndProject
Project("{FAE04EC0-301F-11D3-BF4B-00C04F79EFBC}") = "Tyuiu.AjtkuzhinovEE.Sprint2.Task5.V5.Lib", "Tyuiu.AjtkuzhinovEE.Sprint2.Task5.V5.Lib\Tyuiu.AjtkuzhinovEE.Sprint2.Task5.V5.Lib.csproj", "{3FA402EF-EA30-49AE-9B27-D6735F57538A}"
EndProject
Project("{FAE04EC0-301F-11D3-BF4B-00C04F79EFBC}") = "Tyuiu.AjtkuzhinovEE.Sprint2.Task5.V5.Test", "Tyuiu.AjtkuzhinovEE.Sprint2.Task5.V5.Test\Tyuiu.AjtkuzhinovEE.Sprint2.Task5.V5.Test.csproj", "{18789961-8ED0-417A-8545-19FDF6BC3EFF}"
EndProject
Global
	GlobalSection(SolutionConfigurationPlatforms) = preSolution
		Debug|Any CPU = Debug|Any CPU
		Release|Any CPU = Release|Any CPU
	EndGlobalSection
	GlobalSection(ProjectConfigurationPlatforms) = postSolution
		{94A9DB7B-9BF7-4A67-B5FD-9324D77B74DF}.Debug|Any CPU.ActiveCfg = Debug|Any CPU
		{94A9DB7B-9BF7-4A67-B5FD-9324D77B74DF}.Debug|Any CPU.Build.0 = Debug|Any CPU
		{94A9DB7B-9BF7-4A67-B5FD-9324D77B74DF}.Release|Any CPU.ActiveCfg = Release|Any CPU
		{94A9DB7B-9BF7-4A67-B5FD-9324D77B74DF}.Release|Any CPU.Build.0 = Release|Any CPU
		{870D6D6E-52C1-4107-93BC-71765C238135}.Debug|Any CPU.ActiveCfg = Debug|Any CPU
		{870D6D6E-52C1-4107-93BC-71765C238135}.Debug|Any CPU.Build.0 = Debug|Any CPU
		{870D6D6E-52C1-4107-93BC-71765C238135}.Release|Any CPU.ActiveCfg = Release|Any CPU
		{870D6D6E-52C1-4107-93BC-71765C238135}.Release|Any CPU.Build.0 = Release|Any CPU
		{A9FD3892-84A2-4B08-B376-6B12C60A67ED}.Debug|Any CPU.ActiveCfg = Debug|Any CPU
		{A9FD3892-84A2-4B08-B376-6B12C60A67ED}.Debug|Any CPU.Build.0 = Debug|Any CPU
		{A9FD3892-84A2-4B08-B376-6B12C60A67ED}.Release|Any CPU.ActiveCfg = Release|Any CPU
		{A9FD3892-84A2-4B08-B376-6B12C60A67ED}.Release|Any CPU.Build.0 = Release|Any CPU
		{4E822899-28E0-45CA-B128-2D8FC2B104A0}.Debug|Any CPU.ActiveCfg = Debug|Any CPU
		{4E822899-28E0-45CA-B128-2D8FC2B104A0}.Debug|Any CPU.Build.0 = Debug|Any CPU
		{4E822899-28E0-45CA-B128-2D8FC2B104A0}.Release|Any CPU.ActiveCfg = Release|Any CPU
		{4E822899-28E0-45CA-B128-2D8FC2B104A0}.Release|Any CPU.Build.0 = Release|Any CPU
		{590C5BE2-7EA5-48C9-8521-CB2602571401}.Debug|Any CPU.ActiveCfg = Debug|Any CPU
		{590C5BE2-7EA5-48C9-8521-CB2602571401}.Debug|Any CPU.Build.0 = Debug|Any CPU
		{590C5BE2-7EA5-48C9-8521-CB2602571401}.Release|Any CPU.ActiveCfg = Release|Any CPU
		{590C5BE2-7EA5-48C9-8521-CB2602571401}.Release|Any CPU.Build.0 = Release|Any CPU
		{23160B48-7263-4CC2-A682-1CB185259447}.Debug|Any CPU.ActiveCfg = Debug|Any CPU
		{23160B48-7263-4CC2-A682-1CB185259447}.Debug|Any CPU.Build.0 = Debug|Any CPU
		{23160B48-7263-4CC2-A682-1CB185259447}.Release|Any CPU.ActiveCfg = Release|Any CPU
		{23160B48-7263-4CC2-A682-1CB185259447}.Release|Any CPU.Build.0 = Release|Any CPU
		{EB77F5D1-FA67-42A3-8040-EEBBC50ADEB0}.Debug|Any CPU.ActiveCfg = Debug|Any CPU
		{EB77F5D1-FA67-42A3-8040-EEBBC50ADEB0}.Debug|Any CPU.Build.0 = Debug|Any CPU
		{EB77F5D1-FA67-42A3-8040-EEBBC50ADEB0}.Release|Any CPU.ActiveCfg = Release|Any CPU
		{EB77F5D1-FA67-42A3-8040-EEBBC50ADEB0}.Release|Any CPU.Build.0 = Release|Any CPU
		{A03D84BE-8141-461A-803C-C0080E2D1B7B}.Debug|Any CPU.ActiveCfg = Debug|Any CPU
		{A03D84BE-8141-461A-803C-C0080E2D1B7B}.Debug|Any CPU.Build.0 = Debug|Any CPU
		{A03D84BE-8141-461A-803C-C0080E2D1B7B}.Release|Any CPU.ActiveCfg = Release|Any CPU
		{A03D84BE-8141-461A-803C-C0080E2D1B7B}.Release|Any CPU.Build.0 = Release|Any CPU
		{AB8D5CD9-F081-4BF0-A55F-52FEF5FF0AD4}.Debug|Any CPU.ActiveCfg = Debug|Any CPU
		{AB8D5CD9-F081-4BF0-A55F-52FEF5FF0AD4}.Debug|Any CPU.Build.0 = Debug|Any CPU
		{AB8D5CD9-F081-4BF0-A55F-52FEF5FF0AD4}.Release|Any CPU.ActiveCfg = Release|Any CPU
		{AB8D5CD9-F081-4BF0-A55F-52FEF5FF0AD4}.Release|Any CPU.Build.0 = Release|Any CPU
		{76C907E6-290D-443B-B35F-4C7E86240133}.Debug|Any CPU.ActiveCfg = Debug|Any CPU
		{76C907E6-290D-443B-B35F-4C7E86240133}.Debug|Any CPU.Build.0 = Debug|Any CPU
		{76C907E6-290D-443B-B35F-4C7E86240133}.Release|Any CPU.ActiveCfg = Release|Any CPU
		{76C907E6-290D-443B-B35F-4C7E86240133}.Release|Any CPU.Build.0 = Release|Any CPU
		{001C951B-2076-4539-B087-E4C6E4B293E1}.Debug|Any CPU.ActiveCfg = Debug|Any CPU
		{001C951B-2076-4539-B087-E4C6E4B293E1}.Debug|Any CPU.Build.0 = Debug|Any CPU
		{001C951B-2076-4539-B087-E4C6E4B293E1}.Release|Any CPU.ActiveCfg = Release|Any CPU
		{001C951B-2076-4539-B087-E4C6E4B293E1}.Release|Any CPU.Build.0 = Release|Any CPU
		{84790E49-5A5F-42EE-AD51-CE2F144DCD9C}.Debug|Any CPU.ActiveCfg = Debug|Any CPU
		{84790E49-5A5F-42EE-AD51-CE2F144DCD9C}.Debug|Any CPU.Build.0 = Debug|Any CPU
		{84790E49-5A5F-42EE-AD51-CE2F144DCD9C}.Release|Any CPU.ActiveCfg = Release|Any CPU
		{84790E49-5A5F-42EE-AD51-CE2F144DCD9C}.Release|Any CPU.Build.0 = Release|Any CPU
		{EF18E1E1-7BC5-455C-969E-90853BF38B51}.Debug|Any CPU.ActiveCfg = Debug|Any CPU
		{EF18E1E1-7BC5-455C-969E-90853BF38B51}.Debug|Any CPU.Build.0 = Debug|Any CPU
		{EF18E1E1-7BC5-455C-969E-90853BF38B51}.Release|Any CPU.ActiveCfg = Release|Any CPU
		{EF18E1E1-7BC5-455C-969E-90853BF38B51}.Release|Any CPU.Build.0 = Release|Any CPU
		{616FC169-08A5-4778-BC6A-968C64E4AD18}.Debug|Any CPU.ActiveCfg = Debug|Any CPU
		{616FC169-08A5-4778-BC6A-968C64E4AD18}.Debug|Any CPU.Build.0 = Debug|Any CPU
		{616FC169-08A5-4778-BC6A-968C64E4AD18}.Release|Any CPU.ActiveCfg = Release|Any CPU
		{616FC169-08A5-4778-BC6A-968C64E4AD18}.Release|Any CPU.Build.0 = Release|Any CPU
		{5D80D4EC-CCDF-49DF-83EE-F498E5E470AB}.Debug|Any CPU.ActiveCfg = Debug|Any CPU
		{5D80D4EC-CCDF-49DF-83EE-F498E5E470AB}.Debug|Any CPU.Build.0 = Debug|Any CPU
		{5D80D4EC-CCDF-49DF-83EE-F498E5E470AB}.Release|Any CPU.ActiveCfg = Release|Any CPU
		{5D80D4EC-CCDF-49DF-83EE-F498E5E470AB}.Release|Any CPU.Build.0 = Release|Any CPU
		{FBA6EE09-F297-4BEA-9595-E0B540C6F039}.Debug|Any CPU.ActiveCfg = Debug|Any CPU
		{FBA6EE09-F297-4BEA-9595-E0B540C6F039}.Debug|Any CPU.Build.0 = Debug|Any CPU
		{FBA6EE09-F297-4BEA-9595-E0B540C6F039}.Release|Any CPU.ActiveCfg = Release|Any CPU
		{FBA6EE09-F297-4BEA-9595-E0B540C6F039}.Release|Any CPU.Build.0 = Release|Any CPU
		{3FA402EF-EA30-49AE-9B27-D6735F57538A}.Debug|Any CPU.ActiveCfg = Debug|Any CPU
		{3FA402EF-EA30-49AE-9B27-D6735F57538A}.Debug|Any CPU.Build.0 = Debug|Any CPU
		{3FA402EF-EA30-49AE-9B27-D6735F57538A}.Release|Any CPU.ActiveCfg = Release|Any CPU
		{3FA402EF-EA30-49AE-9B27-D6735F57538A}.Release|Any CPU.Build.0 = Release|Any CPU
		{18789961-8ED0-417A-8545-19FDF6BC3EFF}.Debug|Any CPU.ActiveCfg = Debug|Any CPU
		{18789961-8ED0-417A-8545-19FDF6BC3EFF}.Debug|Any CPU.Build.0 = Debug|Any CPU
		{18789961-8ED0-417A-8545-19FDF6BC3EFF}.Release|Any CPU.ActiveCfg = Release|Any CPU
		{18789961-8ED0-417A-8545-19FDF6BC3EFF}.Release|Any CPU.Build.0 = Release|Any CPU
	EndGlobalSection
	GlobalSection(SolutionProperties) = preSolution
		HideSolutionNode = FALSE
	EndGlobalSection
	GlobalSection(NestedProjects) = preSolution
		{94A9DB7B-9BF7-4A67-B5FD-9324D77B74DF} = {36D591C7-65C7-A0D1-1CBC-10CDE441BDC8}
		{870D6D6E-52C1-4107-93BC-71765C238135} = {36D591C7-65C7-A0D1-1CBC-10CDE441BDC8}
		{A9FD3892-84A2-4B08-B376-6B12C60A67ED} = {36D591C7-65C7-A0D1-1CBC-10CDE441BDC8}
		{4E822899-28E0-45CA-B128-2D8FC2B104A0} = {42451090-2328-4154-AA96-DD44D41ED3C2}
		{590C5BE2-7EA5-48C9-8521-CB2602571401} = {42451090-2328-4154-AA96-DD44D41ED3C2}
		{23160B48-7263-4CC2-A682-1CB185259447} = {42451090-2328-4154-AA96-DD44D41ED3C2}
		{EB77F5D1-FA67-42A3-8040-EEBBC50ADEB0} = {59BB50D5-3BCD-48D9-A2BD-409D1DC2DB1A}
		{A03D84BE-8141-461A-803C-C0080E2D1B7B} = {59BB50D5-3BCD-48D9-A2BD-409D1DC2DB1A}
		{AB8D5CD9-F081-4BF0-A55F-52FEF5FF0AD4} = {59BB50D5-3BCD-48D9-A2BD-409D1DC2DB1A}
		{76C907E6-290D-443B-B35F-4C7E86240133} = {B53A8DC9-A104-4A0C-8CF2-CC22C172A56B}
		{001C951B-2076-4539-B087-E4C6E4B293E1} = {B53A8DC9-A104-4A0C-8CF2-CC22C172A56B}
		{84790E49-5A5F-42EE-AD51-CE2F144DCD9C} = {B53A8DC9-A104-4A0C-8CF2-CC22C172A56B}
		{EF18E1E1-7BC5-455C-969E-90853BF38B51} = {B5955E37-E933-45A9-84C3-9B3461D63AB4}
		{616FC169-08A5-4778-BC6A-968C64E4AD18} = {B5955E37-E933-45A9-84C3-9B3461D63AB4}
		{5D80D4EC-CCDF-49DF-83EE-F498E5E470AB} = {B5955E37-E933-45A9-84C3-9B3461D63AB4}
		{FBA6EE09-F297-4BEA-9595-E0B540C6F039} = {5A912232-0C3A-4F9C-AADE-0303FAE829B3}
		{3FA402EF-EA30-49AE-9B27-D6735F57538A} = {5A912232-0C3A-4F9C-AADE-0303FAE829B3}
		{18789961-8ED0-417A-8545-19FDF6BC3EFF} = {5A912232-0C3A-4F9C-AADE-0303FAE829B3}
	EndGlobalSection
	GlobalSection(ExtensibilityGlobals) = postSolution
		SolutionGuid = {E05783FA-CD8C-4A96-8693-3A1AEC665FCE}
	EndGlobalSection
EndGlobal
